
Microsoft Visual Studio Solution File, Format Version 12.00
# Visual Studio Version 17
VisualStudioVersion = 17.5.33414.496
MinimumVisualStudioVersion = 10.0.40219.1
Project("{FAE04EC0-301F-11D3-BF4B-00C04F79EFBC}") = "MathGameProject", "MathGameProject\MathGameProject.csproj", "{876598F4-BB59-4132-83EC-924E2675F493}"
EndProject
Project("{FAE04EC0-301F-11D3-BF4B-00C04F79EFBC}") = "DocumentationProject", "DocumentationProject\DocumentationProject.csproj", "{CE0A9F0F-EA43-4CD3-81DE-905464AFC2DA}"
EndProject
Global
	GlobalSection(SolutionConfigurationPlatforms) = preSolution
		Debug|Any CPU = Debug|Any CPU
		Release|Any CPU = Release|Any CPU
	EndGlobalSection
	GlobalSection(ProjectConfigurationPlatforms) = postSolution
		{876598F4-BB59-4132-83EC-924E2675F493}.Debug|Any CPU.ActiveCfg = Debug|Any CPU
		{876598F4-BB59-4132-83EC-924E2675F493}.Debug|Any CPU.Build.0 = Debug|Any CPU
		{876598F4-BB59-4132-83EC-924E2675F493}.Release|Any CPU.ActiveCfg = Release|Any CPU
		{876598F4-BB59-4132-83EC-924E2675F493}.Release|Any CPU.Build.0 = Release|Any CPU
		{CE0A9F0F-EA43-4CD3-81DE-905464AFC2DA}.Debug|Any CPU.ActiveCfg = Debug|Any CPU
		{CE0A9F0F-EA43-4CD3-81DE-905464AFC2DA}.Debug|Any CPU.Build.0 = Debug|Any CPU
		{CE0A9F0F-EA43-4CD3-81DE-905464AFC2DA}.Release|Any CPU.ActiveCfg = Release|Any CPU
		{CE0A9F0F-EA43-4CD3-81DE-905464AFC2DA}.Release|Any CPU.Build.0 = Release|Any CPU
	EndGlobalSection
	GlobalSection(SolutionProperties) = preSolution
		HideSolutionNode = FALSE
	EndGlobalSection
	GlobalSection(ExtensibilityGlobals) = postSolution
		SolutionGuid = {F6EAEA6C-211E-4EC2-8378-F9D53E524C2B}
	EndGlobalSection
EndGlobal
